github.com/anarchivist/hugo-tufte v0.0.0-20250819005355-99af449e1a79 h1:67EvUakGCPEihq9ESpgAvYbKHNtBiJ/Hu6ua/9sQo54=
github.com/anarchivist/hugo-tufte v0.0.0-20250819005355-99af449e1a79/go.mod h1:cJwNuGjVTuHX6JzhQzfrPKB6UrF/ILsIGDpTbsXZyvQ=
github.com/anarchivist/hugo-tufte v0.0.0-20250819010116-b536568a342a h1:daDmUjr+bb3d3LVIhlEmbF6RzFMk+oStOV+8ayQ7uS0=
github.com/anarchivist/hugo-tufte v0.0.0-20250819010116-b536568a342a/go.mod h1:cJwNuGjVTuHX6JzhQzfrPKB6UrF/ILsIGDpTbsXZyvQ=
github.com/anarchivist/hugo-tufte v0.0.0-20250919001435-d49550b34491 h1:HPsa4uY6R9j5VD0S2OFouwS/m735z/L7L1k2HCFNjLQ=
github.com/anarchivist/hugo-tufte v0.0.0-20250919001435-d49550b34491/go.mod h1:cJwNuGjVTuHX6JzhQzfrPKB6UrF/ILsIGDpTbsXZyvQ=
